// !$*UTF8*$!
{
	archiveVersion = 1;
	classes = {
	};
	objectVersion = 46;
	objects = {

/* Begin PBXBuildFile section */
		DCC5A45B1D2C3FAF006015A1 /* AppDelegate.swift in Sources */ = {isa = PBXBuildFile; fileRef = DCC5A45A1D2C3FAF006015A1 /* AppDelegate.swift */; };
		DCC5A45D1D2C3FAF006015A1 /* ViewController.swift in Sources */ = {isa = PBXBuildFile; fileRef = DCC5A45C1D2C3FAF006015A1 /* ViewController.swift */; };
		DCC5A4601D2C3FAF006015A1 /* Main.storyboard in Resources */ = {isa = PBXBuildFile; fileRef = DCC5A45E1D2C3FAF006015A1 /* Main.storyboard */; };
		DCC5A4621D2C3FAF006015A1 /* Assets.xcassets in Resources */ = {isa = PBXBuildFile; fileRef = DCC5A4611D2C3FAF006015A1 /* Assets.xcassets */; };
		DCC5A4651D2C3FAF006015A1 /* LaunchScreen.storyboard in Resources */ = {isa = PBXBuildFile; fileRef = DCC5A4631D2C3FAF006015A1 /* LaunchScreen.storyboard */; };
		DCC5A4701D2C3FAF006015A1 /* DownloadButtonTests.swift in Sources */ = {isa = PBXBuildFile; fileRef = DCC5A46F1D2C3FAF006015A1 /* DownloadButtonTests.swift */; };
		DCC5A47B1D2C3FAF006015A1 /* DownloadButtonUITests.swift in Sources */ = {isa = PBXBuildFile; fileRef = DCC5A47A1D2C3FAF006015A1 /* DownloadButtonUITests.swift */; };
		DCC5A4891D2C6A97006015A1 /* DownloadButton.swift in Sources */ = {isa = PBXBuildFile; fileRef = DCC5A4881D2C6A97006015A1 /* DownloadButton.swift */; };
/* End PBXBuildFile section */

/* Begin PBXContainerItemProxy section */
		DCC5A46C1D2C3FAF006015A1 /* PBXContainerItemProxy */ = {
			isa = PBXContainerItemProxy;
			containerPortal = DCC5A44F1D2C3FAE006015A1 /* Project object */;
			proxyType = 1;
			remoteGlobalIDString = DCC5A4561D2C3FAE006015A1;
			remoteInfo = DownloadButton;
		};
		DCC5A4771D2C3FAF006015A1 /* PBXContainerItemProxy */ = {
			isa = PBXContainerItemProxy;
			containerPortal = DCC5A44F1D2C3FAE006015A1 /* Project object */;
			proxyType = 1;
			remoteGlobalIDString = DCC5A4561D2C3FAE006015A1;
			remoteInfo = DownloadButton;
		};
/* End PBXContainerItemProxy section */

/* Begin PBXFileReference section */
		DCC5A4571D2C3FAE006015A1 /* DownloadButton.app */ = {isa = PBXFileReference; explicitFileType = wrapper.application; includeInIndex = 0; path = DownloadButton.app; sourceTree = BUILT_PRODUCTS_DIR; };
		DCC5A45A1D2C3FAF006015A1 /* AppDelegate.swift */ = {isa = PBXFileReference; lastKnownFileType = sourcecode.swift; path = AppDelegate.swift; sourceTree = "<group>"; };
		DCC5A45C1D2C3FAF006015A1 /* ViewController.swift */ = {isa = PBXFileReference; lastKnownFileType = sourcecode.swift; path = ViewController.swift; sourceTree = "<group>"; };
		DCC5A45F1D2C3FAF006015A1 /* Base */ = {isa = PBXFileReference; lastKnownFileType = file.storyboard; name = Base; path = Base.lproj/Main.storyboard; sourceTree = "<group>"; };
		DCC5A4611D2C3FAF006015A1 /* Assets.xcassets */ = {isa = PBXFileReference; lastKnownFileType = folder.assetcatalog; path = Assets.xcassets; sourceTree = "<group>"; };
		DCC5A4641D2C3FAF006015A1 /* Base */ = {isa = PBXFileReference; lastKnownFileType = file.storyboard; name = Base; path = Base.lproj/LaunchScreen.storyboard; sourceTree = "<group>"; };
		DCC5A4661D2C3FAF006015A1 /* Info.plist */ = {isa = PBXFileReference; lastKnownFileType = text.plist.xml; path = Info.plist; sourceTree = "<group>"; };
		DCC5A46B1D2C3FAF006015A1 /* DownloadButtonTests.xctest */ = {isa = PBXFileReference; explicitFileType = wrapper.cfbundle; includeInIndex = 0; path = DownloadButtonTests.xctest; sourceTree = BUILT_PRODUCTS_DIR; };
		DCC5A46F1D2C3FAF006015A1 /* DownloadButtonTests.swift */ = {isa = PBXFileReference; lastKnownFileType = sourcecode.swift; path = DownloadButtonTests.swift; sourceTree = "<group>"; };
		DCC5A4711D2C3FAF006015A1 /* Info.plist */ = {isa = PBXFileReference; lastKnownFileType = text.plist.xml; path = Info.plist; sourceTree = "<group>"; };
		DCC5A4761D2C3FAF006015A1 /* DownloadButtonUITests.xctest */ = {isa = PBXFileReference; explicitFileType = wrapper.cfbundle; includeInIndex = 0; path = DownloadButtonUITests.xctest; sourceTree = BUILT_PRODUCTS_DIR; };
		DCC5A47A1D2C3FAF006015A1 /* DownloadButtonUITests.swift */ = {isa = PBXFileReference; lastKnownFileType = sourcecode.swift; path = DownloadButtonUITests.swift; sourceTree = "<group>"; };
		DCC5A47C1D2C3FAF006015A1 /* Info.plist */ = {isa = PBXFileReference; lastKnownFileType = text.plist.xml; path = Info.plist; sourceTree = "<group>"; };
		DCC5A4881D2C6A97006015A1 /* DownloadButton.swift */ = {isa = PBXFileReference; fileEncoding = 4; lastKnownFileType = sourcecode.swift; path = DownloadButton.swift; sourceTree = "<group>"; };
/* End PBXFileReference section */

/* Begin PBXFrameworksBuildPhase section */
		DCC5A4541D2C3FAE006015A1 /* Frameworks */ = {
			isa = PBXFrameworksBuildPhase;
			buildActionMask = 2147483647;
			files = (
			);
			runOnlyForDeploymentPostprocessing = 0;
		};
		DCC5A4681D2C3FAF006015A1 /* Frameworks */ = {
			isa = PBXFrameworksBuildPhase;
			buildActionMask = 2147483647;
			files = (
			);
			runOnlyForDeploymentPostprocessing = 0;
		};
		DCC5A4731D2C3FAF006015A1 /* Frameworks */ = {
			isa = PBXFrameworksBuildPhase;
			buildActionMask = 2147483647;
			files = (
			);
			runOnlyForDeploymentPostprocessing = 0;
		};
/* End PBXFrameworksBuildPhase section */

/* Begin PBXGroup section */
		DCC5A44E1D2C3FAE006015A1 = {
			isa = PBXGroup;
			children = (
				DCC5A4591D2C3FAF006015A1 /* DownloadButton */,
				DCC5A46E1D2C3FAF006015A1 /* DownloadButtonTests */,
				DCC5A4791D2C3FAF006015A1 /* DownloadButtonUITests */,
				DCC5A4581D2C3FAE006015A1 /* Products */,
			);
			sourceTree = "<group>";
		};
		DCC5A4581D2C3FAE006015A1 /* Products */ = {
			isa = PBXGroup;
			children = (
				DCC5A4571D2C3FAE006015A1 /* DownloadButton.app */,
				DCC5A46B1D2C3FAF006015A1 /* DownloadButtonTests.xctest */,
				DCC5A4761D2C3FAF006015A1 /* DownloadButtonUITests.xctest */,
			);
			name = Products;
			sourceTree = "<group>";
		};
		DCC5A4591D2C3FAF006015A1 /* DownloadButton */ = {
			isa = PBXGroup;
			children = (
				DCC5A4881D2C6A97006015A1 /* DownloadButton.swift */,
				DCC5A45A1D2C3FAF006015A1 /* AppDelegate.swift */,
				DCC5A45C1D2C3FAF006015A1 /* ViewController.swift */,
				DCC5A45E1D2C3FAF006015A1 /* Main.storyboard */,
				DCC5A4611D2C3FAF006015A1 /* Assets.xcassets */,
				DCC5A4631D2C3FAF006015A1 /* LaunchScreen.storyboard */,
				DCC5A4661D2C3FAF006015A1 /* Info.plist */,
			);
			path = DownloadButton;
			sourceTree = "<group>";
		};
		DCC5A46E1D2C3FAF006015A1 /* DownloadButtonTests */ = {
			isa = PBXGroup;
			children = (
				DCC5A46F1D2C3FAF006015A1 /* DownloadButtonTests.swift */,
				DCC5A4711D2C3FAF006015A1 /* Info.plist */,
			);
			path = DownloadButtonTests;
			sourceTree = "<group>";
		};
		DCC5A4791D2C3FAF006015A1 /* DownloadButtonUITests */ = {
			isa = PBXGroup;
			children = (
				DCC5A47A1D2C3FAF006015A1 /* DownloadButtonUITests.swift */,
				DCC5A47C1D2C3FAF006015A1 /* Info.plist */,
			);
			path = DownloadButtonUITests;
			sourceTree = "<group>";
		};
/* End PBXGroup section */

/* Begin PBXNativeTarget section */
		DCC5A4561D2C3FAE006015A1 /* DownloadButton */ = {
			isa = PBXNativeTarget;
			buildConfigurationList = DCC5A47F1D2C3FAF006015A1 /* Build configuration list for PBXNativeTarget "DownloadButton" */;
			buildPhases = (
				DCC5A4531D2C3FAE006015A1 /* Sources */,
				DCC5A4541D2C3FAE006015A1 /* Frameworks */,
				DCC5A4551D2C3FAE006015A1 /* Resources */,
			);
			buildRules = (
			);
			dependencies = (
			);
			name = DownloadButton;
			productName = DownloadButton;
			productReference = DCC5A4571D2C3FAE006015A1 /* DownloadButton.app */;
			productType = "com.apple.product-type.application";
		};
		DCC5A46A1D2C3FAF006015A1 /* DownloadButtonTests */ = {
			isa = PBXNativeTarget;
			buildConfigurationList = DCC5A4821D2C3FAF006015A1 /* Build configuration list for PBXNativeTarget "DownloadButtonTests" */;
			buildPhases = (
				DCC5A4671D2C3FAF006015A1 /* Sources */,
				DCC5A4681D2C3FAF006015A1 /* Frameworks */,
				DCC5A4691D2C3FAF006015A1 /* Resources */,
			);
			buildRules = (
			);
			dependencies = (
				DCC5A46D1D2C3FAF006015A1 /* PBXTargetDependency */,
			);
			name = DownloadButtonTests;
			productName = DownloadButtonTests;
			productReference = DCC5A46B1D2C3FAF006015A1 /* DownloadButtonTests.xctest */;
			productType = "com.apple.product-type.bundle.unit-test";
		};
		DCC5A4751D2C3FAF006015A1 /* DownloadButtonUITests */ = {
			isa = PBXNativeTarget;
			buildConfigurationList = DCC5A4851D2C3FAF006015A1 /* Build configuration list for PBXNativeTarget "DownloadButtonUITests" */;
			buildPhases = (
				DCC5A4721D2C3FAF006015A1 /* Sources */,
				DCC5A4731D2C3FAF006015A1 /* Frameworks */,
				DCC5A4741D2C3FAF006015A1 /* Resources */,
			);
			buildRules = (
			);
			dependencies = (
				DCC5A4781D2C3FAF006015A1 /* PBXTargetDependency */,
			);
			name = DownloadButtonUITests;
			productName = DownloadButtonUITests;
			productReference = DCC5A4761D2C3FAF006015A1 /* DownloadButtonUITests.xctest */;
			productType = "com.apple.product-type.bundle.ui-testing";
		};
/* End PBXNativeTarget section */

/* Begin PBXProject section */
		DCC5A44F1D2C3FAE006015A1 /* Project object */ = {
			isa = PBXProject;
			attributes = {
				LastSwiftUpdateCheck = 0730;
				LastUpgradeCheck = 0730;
				ORGANIZATIONNAME = "Zhicong Zang";
				TargetAttributes = {
					DCC5A4561D2C3FAE006015A1 = {
						CreatedOnToolsVersion = 7.3.1;
						DevelopmentTeam = 3YN8TBBFZ4;
					};
					DCC5A46A1D2C3FAF006015A1 = {
						CreatedOnToolsVersion = 7.3.1;
						DevelopmentTeam = 3YN8TBBFZ4;
						TestTargetID = DCC5A4561D2C3FAE006015A1;
					};
					DCC5A4751D2C3FAF006015A1 = {
						CreatedOnToolsVersion = 7.3.1;
						DevelopmentTeam = 3YN8TBBFZ4;
						TestTargetID = DCC5A4561D2C3FAE006015A1;
					};
				};
			};
			buildConfigurationList = DCC5A4521D2C3FAE006015A1 /* Build configuration list for PBXProject "DownloadButton" */;
			compatibilityVersion = "Xcode 3.2";
			developmentRegion = English;
			hasScannedForEncodings = 0;
			knownRegions = (
				en,
				Base,
			);
			mainGroup = DCC5A44E1D2C3FAE006015A1;
			productRefGroup = DCC5A4581D2C3FAE006015A1 /* Products */;
			projectDirPath = "";
			projectRoot = "";
			targets = (
				DCC5A4561D2C3FAE006015A1 /* DownloadButton */,
				DCC5A46A1D2C3FAF006015A1 /* DownloadButtonTests */,
				DCC5A4751D2C3FAF006015A1 /* DownloadButtonUITests */,
			);
		};
/* End PBXProject section */

/* Begin PBXResourcesBuildPhase section */
		DCC5A4551D2C3FAE006015A1 /* Resources */ = {
			isa = PBXResourcesBuildPhase;
			buildActionMask = 2147483647;
			files = (
				DCC5A4651D2C3FAF006015A1 /* LaunchScreen.storyboard in Resources */,
				DCC5A4621D2C3FAF006015A1 /* Assets.xcassets in Resources */,
				DCC5A4601D2C3FAF006015A1 /* Main.storyboard in Resources */,
			);
			runOnlyForDeploymentPostprocessing = 0;
		};
		DCC5A4691D2C3FAF006015A1 /* Resources */ = {
			isa = PBXResourcesBuildPhase;
			buildActionMask = 2147483647;
			files = (
			);
			runOnlyForDeploymentPostprocessing = 0;
		};
		DCC5A4741D2C3FAF006015A1 /* Resources */ = {
			isa = PBXResourcesBuildPhase;
			buildActionMask = 2147483647;
			files = (
			);
			runOnlyForDeploymentPostprocessing = 0;
		};
/* End PBXResourcesBuildPhase section */

/* Begin PBXSourcesBuildPhase section */
		DCC5A4531D2C3FAE006015A1 /* Sources */ = {
			isa = PBXSourcesBuildPhase;
			buildActionMask = 2147483647;
			files = (
				DCC5A45D1D2C3FAF006015A1 /* ViewController.swift in Sources */,
				DCC5A4891D2C6A97006015A1 /* DownloadButton.swift in Sources */,
				DCC5A45B1D2C3FAF006015A1 /* AppDelegate.swift in Sources */,
			);
			runOnlyForDeploymentPostprocessing = 0;
		};
		DCC5A4671D2C3FAF006015A1 /* Sources */ = {
			isa = PBXSourcesBuildPhase;
			buildActionMask = 2147483647;
			files = (
				DCC5A4701D2C3FAF006015A1 /* DownloadButtonTests.swift in Sources */,
			);
			runOnlyForDeploymentPostprocessing = 0;
		};
		DCC5A4721D2C3FAF006015A1 /* Sources */ = {
			isa = PBXSourcesBuildPhase;
			buildActionMask = 2147483647;
			files = (
				DCC5A47B1D2C3FAF006015A1 /* DownloadButtonUITests.swift in Sources */,
			);
			runOnlyForDeploymentPostprocessing = 0;
		};
/* End PBXSourcesBuildPhase section */

/* Begin PBXTargetDependency section */
		DCC5A46D1D2C3FAF006015A1 /* PBXTargetDependency */ = {
			isa = PBXTargetDependency;
			target = DCC5A4561D2C3FAE006015A1 /* DownloadButton */;
			targetProxy = DCC5A46C1D2C3FAF006015A1 /* PBXContainerItemProxy */;
		};
		DCC5A4781D2C3FAF006015A1 /* PBXTargetDependency */ = {
			isa = PBXTargetDependency;
			target = DCC5A4561D2C3FAE006015A1 /* DownloadButton */;
			targetProxy = DCC5A4771D2C3FAF006015A1 /* PBXContainerItemProxy */;
		};
/* End PBXTargetDependency section */

/* Begin PBXVariantGroup section */
		DCC5A45E1D2C3FAF006015A1 /* Main.storyboard */ = {
			isa = PBXVariantGroup;
			children = (
				DCC5A45F1D2C3FAF006015A1 /* Base */,
			);
			name = Main.storyboard;
			sourceTree = "<group>";
		};
		DCC5A4631D2C3FAF006015A1 /* LaunchScreen.storyboard */ = {
			isa = PBXVariantGroup;
			children = (
				DCC5A4641D2C3FAF006015A1 /* Base */,
			);
			name = LaunchScreen.storyboard;
			sourceTree = "<group>";
		};
/* End PBXVariantGroup section */

/* Begin XCBuildConfiguration section */
		DCC5A47D1D2C3FAF006015A1 /* Debug */ = {
			isa = XCBuildConfiguration;
			buildSettings = {
				ALWAYS_SEARCH_USER_PATHS = NO;
				CLANG_ANALYZER_NONNULL = YES;
				CLANG_CXX_LANGUAGE_STANDARD = "gnu++0x";
				CLANG_CXX_LIBRARY = "libc++";
				CLANG_ENABLE_MODULES = YES;
				CLANG_ENABLE_OBJC_ARC = YES;
				CLANG_WARN_BOOL_CONVERSION = YES;
				CLANG_WARN_CONSTANT_CONVERSION = YES;
				CLANG_WARN_DIRECT_OBJC_ISA_USAGE = YES_ERROR;
				CLANG_WARN_EMPTY_BODY = YES;
				CLANG_WARN_ENUM_CONVERSION = YES;
				CLANG_WARN_INT_CONVERSION = YES;
				CLANG_WARN_OBJC_ROOT_CLASS = YES_ERROR;
				CLANG_WARN_UNREACHABLE_CODE = YES;
				CLANG_WARN__DUPLICATE_METHOD_MATCH = YES;
				"CODE_SIGN_IDENTITY[sdk=iphoneos*]" = "iPhone Developer";
				COPY_PHASE_STRIP = NO;
				DEBUG_INFORMATION_FORMAT = dwarf;
				ENABLE_STRICT_OBJC_MSGSEND = YES;
				ENABLE_TESTABILITY = YES;
				GCC_C_LANGUAGE_STANDARD = gnu99;
				GCC_DYNAMIC_NO_PIC = NO;
				GCC_NO_COMMON_BLOCKS = YES;
				GCC_OPTIMIZATION_LEVEL = 0;
				GCC_PREPROCESSOR_DEFINITIONS = (
					"DEBUG=1",
					"$(inherited)",
				);
				GCC_WARN_64_TO_32_BIT_CONVERSION = YES;
				GCC_WARN_ABOUT_RETURN_TYPE = YES_ERROR;
				GCC_WARN_UNDECLARED_SELECTOR = YES;
				GCC_WARN_UNINITIALIZED_AUTOS = YES_AGGRESSIVE;
				GCC_WARN_UNUSED_FUNCTION = YES;
				GCC_WARN_UNUSED_VARIABLE = YES;
				IPHONEOS_DEPLOYMENT_TARGET = 9.3;
				MTL_ENABLE_DEBUG_INFO = YES;
				ONLY_ACTIVE_ARCH = YES;
				SDKROOT = iphoneos;
				SWIFT_OPTIMIZATION_LEVEL = "-Onone";
			};
			name = Debug;
		};
		DCC5A47E1D2C3FAF006015A1 /* Release */ = {
			isa = XCBuildConfiguration;
			buildSettings = {
				ALWAYS_SEARCH_USER_PATHS = NO;
				CLANG_ANALYZER_NONNULL = YES;
				CLANG_CXX_LANGUAGE_STANDARD = "gnu++0x";
				CLANG_CXX_LIBRARY = "libc++";
				CLANG_ENABLE_MODULES = YES;
				CLANG_ENABLE_OBJC_ARC = YES;
				CLANG_WARN_BOOL_CONVERSION = YES;
				CLANG_WARN_CONSTANT_CONVERSION = YES;
				CLANG_WARN_DIRECT_OBJC_ISA_USAGE = YES_ERROR;
				CLANG_WARN_EMPTY_BODY = YES;
				CLANG_WARN_ENUM_CONVERSION = YES;
				CLANG_WARN_INT_CONVERSION = YES;
				CLANG_WARN_OBJC_ROOT_CLASS = YES_ERROR;
				CLANG_WARN_UNREACHABLE_CODE = YES;
				CLANG_WARN__DUPLICATE_METHOD_MATCH = YES;
				"CODE_SIGN_IDENTITY[sdk=iphoneos*]" = "iPhone Developer";
				COPY_PHASE_STRIP = NO;
				DEBUG_INFORMATION_FORMAT = "dwarf-with-dsym";
				ENABLE_NS_ASSERTIONS = NO;
				ENABLE_STRICT_OBJC_MSGSEND = YES;
				GCC_C_LANGUAGE_STANDARD = gnu99;
				GCC_NO_COMMON_BLOCKS = YES;
				GCC_WARN_64_TO_32_BIT_CONVERSION = YES;
				GCC_WARN_ABOUT_RETURN_TYPE = YES_ERROR;
				GCC_WARN_UNDECLARED_SELECTOR = YES;
				GCC_WARN_UNINITIALIZED_AUTOS = YES_AGGRESSIVE;
				GCC_WARN_UNUSED_FUNCTION = YES;
				GCC_WARN_UNUSED_VARIABLE = YES;
				IPHONEOS_DEPLOYMENT_TARGET = 9.3;
				MTL_ENABLE_DEBUG_INFO = NO;
				SDKROOT = iphoneos;
				VALIDATE_PRODUCT = YES;
			};
			name = Release;
		};
		DCC5A4801D2C3FAF006015A1 /* Debug */ = {
			isa = XCBuildConfiguration;
			buildSettings = {
				ASSETCATALOG_COMPILER_APPICON_NAME = AppIcon;
				INFOPLIST_FILE = DownloadButton/Info.plist;
				LD_RUNPATH_SEARCH_PATHS = "$(inherited) @executable_path/Frameworks";
				PRODUCT_BUNDLE_IDENTIFIER = Jesse.DownloadButton;
				PRODUCT_NAME = "$(TARGET_NAME)";
			};
			name = Debug;
		};
		DCC5A4811D2C3FAF006015A1 /* Release */ = {
			isa = XCBuildConfiguration;
			buildSettings = {
				ASSETCATALOG_COMPILER_APPICON_NAME = AppIcon;
				INFOPLIST_FILE = DownloadButton/Info.plist;
				LD_RUNPATH_SEARCH_PATHS = "$(inherited) @executable_path/Frameworks";
				PRODUCT_BUNDLE_IDENTIFIER = Jesse.DownloadButton;
				PRODUCT_NAME = "$(TARGET_NAME)";
			};
			name = Release;
		};
		DCC5A4831D2C3FAF006015A1 /* Debug */ = {
			isa = XCBuildConfiguration;
			buildSettings = {
				BUNDLE_LOADER = "$(TEST_HOST)";
				INFOPLIST_FILE = DownloadButtonTests/Info.plist;
				LD_RUNPATH_SEARCH_PATHS = "$(inherited) @executable_path/Frameworks @loader_path/Frameworks";
				PRODUCT_BUNDLE_IDENTIFIER = Jesse.DownloadButtonTests;
				PRODUCT_NAME = "$(TARGET_NAME)";
				TEST_HOST = "$(BUILT_PRODUCTS_DIR)/DownloadButton.app/DownloadButton";
			};
			name = Debug;
		};
		DCC5A4841D2C3FAF006015A1 /* Release */ = {
			isa = XCBuildConfiguration;
			buildSettings = {
				BUNDLE_LOADER = "$(TEST_HOST)";
				INFOPLIST_FILE = DownloadButtonTests/Info.plist;
				LD_RUNPATH_SEARCH_PATHS = "$(inherited) @executable_path/Frameworks @loader_path/Frameworks";
				PRODUCT_BUNDLE_IDENTIFIER = Jesse.DownloadButtonTests;
				PRODUCT_NAME = "$(TARGET_NAME)";
				TEST_HOST = "$(BUILT_PRODUCTS_DIR)/DownloadButton.app/DownloadButton";
			};
			name = Release;
		};
		DCC5A4861D2C3FAF006015A1 /* Debug */ = {
			isa = XCBuildConfiguration;
			buildSettings = {
				INFOPLIST_FILE = DownloadButtonUITests/Info.plist;
				LD_RUNPATH_SEARCH_PATHS = "$(inherited) @executable_path/Frameworks @loader_path/Frameworks";
				PRODUCT_BUNDLE_IDENTIFIER = Jesse.DownloadButtonUITests;
				PRODUCT_NAME = "$(TARGET_NAME)";
				TEST_TARGET_NAME = DownloadButton;
			};
			name = Debug;
		};
		DCC5A4871D2C3FAF006015A1 /* Release */ = {
			isa = XCBuildConfiguration;
			buildSettings = {
				INFOPLIST_FILE = DownloadButtonUITests/Info.plist;
				LD_RUNPATH_SEARCH_PATHS = "$(inherited) @executable_path/Frameworks @loader_path/Frameworks";
				PRODUCT_BUNDLE_IDENTIFIER = Jesse.DownloadButtonUITests;
				PRODUCT_NAME = "$(TARGET_NAME)";
				TEST_TARGET_NAME = DownloadButton;
			};
			name = Release;
		};
/* End XCBuildConfiguration section */

/* Begin XCConfigurationList section */
		DCC5A4521D2C3FAE006015A1 /* Build configuration list for PBXProject "DownloadButton" */ = {
			isa = XCConfigurationList;
			buildConfigurations = (
				DCC5A47D1D2C3FAF006015A1 /* Debug */,
				DCC5A47E1D2C3FAF006015A1 /* Release */,
			);
			defaultConfigurationIsVisible = 0;
			defaultConfigurationName = Release;
		};
		DCC5A47F1D2C3FAF006015A1 /* Build configuration list for PBXNativeTarget "DownloadButton" */ = {
			isa = XCConfigurationList;
			buildConfigurations = (
				DCC5A4801D2C3FAF006015A1 /* Debug */,
				DCC5A4811D2C3FAF006015A1 /* Release */,
			);
			defaultConfigurationIsVisible = 0;
			defaultConfigurationName = Release;
		};
		DCC5A4821D2C3FAF006015A1 /* Build configuration list for PBXNativeTarget "DownloadButtonTests" */ = {
			isa = XCConfigurationList;
			buildConfigurations = (
				DCC5A4831D2C3FAF006015A1 /* Debug */,
				DCC5A4841D2C3FAF006015A1 /* Release */,
			);
			defaultConfigurationIsVisible = 0;
			defaultConfigurationName = Release;
		};
		DCC5A4851D2C3FAF006015A1 /* Build configuration list for PBXNativeTarget "DownloadButtonUITests" */ = {
			isa = XCConfigurationList;
			buildConfigurations = (
				DCC5A4861D2C3FAF006015A1 /* Debug */,
				DCC5A4871D2C3FAF006015A1 /* Release */,
			);
			defaultConfigurationIsVisible = 0;
			defaultConfigurationName = Release;
		};
/* End XCConfigurationList section */
	};
	rootObject = DCC5A44F1D2C3FAE006015A1 /* Project object */;
}
